
Microsoft Visual Studio Solution File, Format Version 12.00
# Visual Studio Version 17
VisualStudioVersion = 17.1.32319.34
MinimumVisualStudioVersion = 10.0.40219.1
Project("{9A19103F-16F7-4668-BE54-9A1E7A4F7556}") = "SampleApi", "SampleApi\SampleApi.csproj", "{1EE17BF1-69D3-43AE-9D2C-E4B53545BD5F}"
	ProjectSection(ProjectDependencies) = postProject
		{AA07ADBA-42D6-4235-82DF-1EA4462D04D6} = {AA07ADBA-42D6-4235-82DF-1EA4462D04D6}
	EndProjectSection
EndProject
Project("{54A90642-561A-4BB1-A94E-469ADEE60C69}") = "SampleClient", "SampleClient\SampleClient.esproj", "{AA07ADBA-42D6-4235-82DF-1EA4462D04D6}"
EndProject
Global
	GlobalSection(SolutionConfigurationPlatforms) = preSolution
		Debug|Any CPU = Debug|Any CPU
		Release|Any CPU = Release|Any CPU
	EndGlobalSection
	GlobalSection(ProjectConfigurationPlatforms) = postSolution
		{1EE17BF1-69D3-43AE-9D2C-E4B53545BD5F}.Debug|Any CPU.ActiveCfg = Debug|Any CPU
		{1EE17BF1-69D3-43AE-9D2C-E4B53545BD5F}.Debug|Any CPU.Build.0 = Debug|Any CPU
		{1EE17BF1-69D3-43AE-9D2C-E4B53545BD5F}.Release|Any CPU.ActiveCfg = Release|Any CPU
		{1EE17BF1-69D3-43AE-9D2C-E4B53545BD5F}.Release|Any CPU.Build.0 = Release|Any CPU
		{AA07ADBA-42D6-4235-82DF-1EA4462D04D6}.Debug|Any CPU.ActiveCfg = Debug|Any CPU
		{AA07ADBA-42D6-4235-82DF-1EA4462D04D6}.Debug|Any CPU.Build.0 = Debug|Any CPU
		{AA07ADBA-42D6-4235-82DF-1EA4462D04D6}.Debug|Any CPU.Deploy.0 = Debug|Any CPU
		{AA07ADBA-42D6-4235-82DF-1EA4462D04D6}.Release|Any CPU.ActiveCfg = Release|Any CPU
		{AA07ADBA-42D6-4235-82DF-1EA4462D04D6}.Release|Any CPU.Build.0 = Release|Any CPU
		{AA07ADBA-42D6-4235-82DF-1EA4462D04D6}.Release|Any CPU.Deploy.0 = Release|Any CPU
	EndGlobalSection
	GlobalSection(SolutionProperties) = preSolution
		HideSolutionNode = FALSE
	EndGlobalSection
	GlobalSection(ExtensibilityGlobals) = postSolution
		SolutionGuid = {8C2BE933-5E7E-4758-AF53-D9CB88A3618A}
	EndGlobalSection
EndGlobal
